// !$*UTF8*$!
{
	archiveVersion = 1;
	classes = {
	};
	objectVersion = 45;
	objects = {

/* Begin PBXBuildFile section */
		1D3623260D0F684500981E51 /* BaddleshipsAppDelegate.m in Sources */ = {isa = PBXBuildFile; fileRef = 1D3623250D0F684500981E51 /* BaddleshipsAppDelegate.m */; };
		1D60589B0D05DD56006BFB54 /* main.m in Sources */ = {isa = PBXBuildFile; fileRef = 29B97316FDCFA39411CA2CEA /* main.m */; };
		1D60589F0D05DD5A006BFB54 /* Foundation.framework in Frameworks */ = {isa = PBXBuildFile; fileRef = 1D30AB110D05D00D00671497 /* Foundation.framework */; };
		1DF5F4E00D08C38300B7A737 /* UIKit.framework in Frameworks */ = {isa = PBXBuildFile; fileRef = 1DF5F4DF0D08C38300B7A737 /* UIKit.framework */; };
		288765FD0DF74451002DB57D /* CoreGraphics.framework in Frameworks */ = {isa = PBXBuildFile; fileRef = 288765FC0DF74451002DB57D /* CoreGraphics.framework */; };
		28AD733F0D9D9553002E5188 /* MainWindow.xib in Resources */ = {isa = PBXBuildFile; fileRef = 28AD733E0D9D9553002E5188 /* MainWindow.xib */; };
		491C23490FDABB8800EFCBA7 /* BSShipController.m in Sources */ = {isa = PBXBuildFile; fileRef = 491C23480FDABB8800EFCBA7 /* BSShipController.m */; };
		492C5BBA0FE7E606000D3DF4 /* BSPlayScreen.m in Sources */ = {isa = PBXBuildFile; fileRef = 492C5BB90FE7E606000D3DF4 /* BSPlayScreen.m */; };
		49476F210FE6B65A0077713D /* QuartzCore.framework in Frameworks */ = {isa = PBXBuildFile; fileRef = 49476F200FE6B65A0077713D /* QuartzCore.framework */; };
		49476F5B0FE6C05D0077713D /* playfieldBgPlain.png in Resources */ = {isa = PBXBuildFile; fileRef = 49476F5A0FE6C05D0077713D /* playfieldBgPlain.png */; };
		49476F860FE6D05C0077713D /* playfieldBgSmallPlain.png in Resources */ = {isa = PBXBuildFile; fileRef = 49476F850FE6D05C0077713D /* playfieldBgSmallPlain.png */; };
		496B0E950FEA3E1800D2EA39 /* BSPlayerController.m in Sources */ = {isa = PBXBuildFile; fileRef = 496B0E940FEA3E1800D2EA39 /* BSPlayerController.m */; };
		496B0EC10FEA44F500D2EA39 /* BSGameController.m in Sources */ = {isa = PBXBuildFile; fileRef = 496B0EC00FEA44F500D2EA39 /* BSGameController.m */; };
		496B0F070FEA679300D2EA39 /* BSSetupCPUSkillViewController.m in Sources */ = {isa = PBXBuildFile; fileRef = 496B0F060FEA679300D2EA39 /* BSSetupCPUSkillViewController.m */; };
		496B0F0A0FEA67C900D2EA39 /* BSSettings.m in Sources */ = {isa = PBXBuildFile; fileRef = 496B0F090FEA67C900D2EA39 /* BSSettings.m */; };
		496B10080FEA68CD00D2EA39 /* NSData-SQLitePersistence.m in Sources */ = {isa = PBXBuildFile; fileRef = 496B0F250FEA68CC00D2EA39 /* NSData-SQLitePersistence.m */; };
		496B10090FEA68CD00D2EA39 /* NSDate-SQLitePersistence.m in Sources */ = {isa = PBXBuildFile; fileRef = 496B0F270FEA68CC00D2EA39 /* NSDate-SQLitePersistence.m */; };
		496B100A0FEA68CD00D2EA39 /* NSMutableArray-MultipleSort.m in Sources */ = {isa = PBXBuildFile; fileRef = 496B0F290FEA68CC00D2EA39 /* NSMutableArray-MultipleSort.m */; };
		496B100B0FEA68CD00D2EA39 /* NSMutableData-SQLitePersistence.m in Sources */ = {isa = PBXBuildFile; fileRef = 496B0F2B0FEA68CC00D2EA39 /* NSMutableData-SQLitePersistence.m */; };
		496B100C0FEA68CD00D2EA39 /* NSNumber-SQLitePersistence.m in Sources */ = {isa = PBXBuildFile; fileRef = 496B0F2D0FEA68CC00D2EA39 /* NSNumber-SQLitePersistence.m */; };
		496B100D0FEA68CD00D2EA39 /* NSObject-ClassName.m in Sources */ = {isa = PBXBuildFile; fileRef = 496B0F2F0FEA68CC00D2EA39 /* NSObject-ClassName.m */; };
		496B100E0FEA68CD00D2EA39 /* NSObject-MissingKV.m in Sources */ = {isa = PBXBuildFile; fileRef = 496B0F310FEA68CC00D2EA39 /* NSObject-MissingKV.m */; };
		496B100F0FEA68CD00D2EA39 /* NSObject-SQLitePersistence.m in Sources */ = {isa = PBXBuildFile; fileRef = 496B0F330FEA68CC00D2EA39 /* NSObject-SQLitePersistence.m */; };
		496B10100FEA68CD00D2EA39 /* NSString-NumberStuff.m in Sources */ = {isa = PBXBuildFile; fileRef = 496B0F350FEA68CC00D2EA39 /* NSString-NumberStuff.m */; };
		496B10110FEA68CD00D2EA39 /* NSString-SQLiteColumnName.m in Sources */ = {isa = PBXBuildFile; fileRef = 496B0F370FEA68CC00D2EA39 /* NSString-SQLiteColumnName.m */; };
		496B10120FEA68CD00D2EA39 /* NSString-SQLitePersistence.m in Sources */ = {isa = PBXBuildFile; fileRef = 496B0F390FEA68CC00D2EA39 /* NSString-SQLitePersistence.m */; };
		496B10130FEA68CD00D2EA39 /* NSString-UppercaseFirst.m in Sources */ = {isa = PBXBuildFile; fileRef = 496B0F3B0FEA68CC00D2EA39 /* NSString-UppercaseFirst.m */; };
		496B10140FEA68CD00D2EA39 /* SQLiteInstanceManager.m in Sources */ = {isa = PBXBuildFile; fileRef = 496B0F3D0FEA68CC00D2EA39 /* SQLiteInstanceManager.m */; };
		496B10150FEA68CD00D2EA39 /* SQLitePersistentObject.m in Sources */ = {isa = PBXBuildFile; fileRef = 496B0F3F0FEA68CC00D2EA39 /* SQLitePersistentObject.m */; };
		496B10160FEA68CD00D2EA39 /* UIColor-SQLitePersistentObject.m in Sources */ = {isa = PBXBuildFile; fileRef = 496B0F410FEA68CC00D2EA39 /* UIColor-SQLitePersistentObject.m */; };
		496B10170FEA68CD00D2EA39 /* UIImage-SQLitePersistence.m in Sources */ = {isa = PBXBuildFile; fileRef = 496B0F430FEA68CC00D2EA39 /* UIImage-SQLitePersistence.m */; };
		496B10B00FEA69C400D2EA39 /* libsqlite3.dylib in Frameworks */ = {isa = PBXBuildFile; fileRef = 496B10AF0FEA69C400D2EA39 /* libsqlite3.dylib */; };
		496B13300FEBC35500D2EA39 /* BSPlayCPUViewController.m in Sources */ = {isa = PBXBuildFile; fileRef = 496B132F0FEBC35500D2EA39 /* BSPlayCPUViewController.m */; };
		49A1E15B0F82C7C6003021C0 /* tile_bg_paper.png in Resources */ = {isa = PBXBuildFile; fileRef = 49A1E15A0F82C7C6003021C0 /* tile_bg_paper.png */; };
		49A1E1600F82C7DC003021C0 /* BSStartViewController.m in Sources */ = {isa = PBXBuildFile; fileRef = 49A1E15D0F82C7DC003021C0 /* BSStartViewController.m */; };
		49A1E1610F82C7DC003021C0 /* BSSetupCPUViewController.m in Sources */ = {isa = PBXBuildFile; fileRef = 49A1E15F0F82C7DC003021C0 /* BSSetupCPUViewController.m */; };
		49A1E1690F82C7E9003021C0 /* BSPlayFieldView.m in Sources */ = {isa = PBXBuildFile; fileRef = 49A1E1640F82C7E9003021C0 /* BSPlayFieldView.m */; };
		49A1E16A0F82C7E9003021C0 /* BSShipView.m in Sources */ = {isa = PBXBuildFile; fileRef = 49A1E1660F82C7E9003021C0 /* BSShipView.m */; };
		49A1E16B0F82C7E9003021C0 /* BSSetupScreen.m in Sources */ = {isa = PBXBuildFile; fileRef = 49A1E1680F82C7E9003021C0 /* BSSetupScreen.m */; };
		49A1E2900F82EEC6003021C0 /* BSPlayFieldController.m in Sources */ = {isa = PBXBuildFile; fileRef = 49A1E28F0F82EEC6003021C0 /* BSPlayFieldController.m */; };
		49A404550FE2F8F7004A7E10 /* BSCanvasView.m in Sources */ = {isa = PBXBuildFile; fileRef = 49A404540FE2F8F7004A7E10 /* BSCanvasView.m */; };
		49CE01C70FF00E5F0074FA21 /* BSPlayerControllerCPU.m in Sources */ = {isa = PBXBuildFile; fileRef = 49CE01C60FF00E5F0074FA21 /* BSPlayerControllerCPU.m */; };
		49CE01CC0FF012200074FA21 /* BSPlayerControllerHuman.m in Sources */ = {isa = PBXBuildFile; fileRef = 49CE01CB0FF012200074FA21 /* BSPlayerControllerHuman.m */; };
		49CE02B00FF02E360074FA21 /* BSShootingFieldController.m in Sources */ = {isa = PBXBuildFile; fileRef = 49CE02AF0FF02E360074FA21 /* BSShootingFieldController.m */; };
/* End PBXBuildFile section */

/* Begin PBXFileReference section */
		1D30AB110D05D00D00671497 /* Foundation.framework */ = {isa = PBXFileReference; lastKnownFileType = wrapper.framework; name = Foundation.framework; path = System/Library/Frameworks/Foundation.framework; sourceTree = SDKROOT; };
		1D3623240D0F684500981E51 /* BaddleshipsAppDelegate.h */ = {isa = PBXFileReference; fileEncoding = 4; lastKnownFileType = sourcecode.c.h; path = BaddleshipsAppDelegate.h; sourceTree = "<group>"; };
		1D3623250D0F684500981E51 /* BaddleshipsAppDelegate.m */ = {isa = PBXFileReference; fileEncoding = 4; lastKnownFileType = sourcecode.c.objc; path = BaddleshipsAppDelegate.m; sourceTree = "<group>"; };
		1D6058910D05DD3D006BFB54 /* Baddleships.app */ = {isa = PBXFileReference; explicitFileType = wrapper.application; includeInIndex = 0; path = Baddleships.app; sourceTree = BUILT_PRODUCTS_DIR; };
		1DF5F4DF0D08C38300B7A737 /* UIKit.framework */ = {isa = PBXFileReference; lastKnownFileType = wrapper.framework; name = UIKit.framework; path = System/Library/Frameworks/UIKit.framework; sourceTree = SDKROOT; };
		288765FC0DF74451002DB57D /* CoreGraphics.framework */ = {isa = PBXFileReference; lastKnownFileType = wrapper.framework; name = CoreGraphics.framework; path = System/Library/Frameworks/CoreGraphics.framework; sourceTree = SDKROOT; };
		28AD733E0D9D9553002E5188 /* MainWindow.xib */ = {isa = PBXFileReference; lastKnownFileType = file.xib; path = MainWindow.xib; sourceTree = "<group>"; };
		29B97316FDCFA39411CA2CEA /* main.m */ = {isa = PBXFileReference; fileEncoding = 4; lastKnownFileType = sourcecode.c.objc; path = main.m; sourceTree = "<group>"; };
		32CA4F630368D1EE00C91783 /* Baddleships_Prefix.pch */ = {isa = PBXFileReference; fileEncoding = 4; lastKnownFileType = sourcecode.c.h; path = Baddleships_Prefix.pch; sourceTree = "<group>"; };
		491C23470FDABB8800EFCBA7 /* BSShipController.h */ = {isa = PBXFileReference; fileEncoding = 4; lastKnownFileType = sourcecode.c.h; path = BSShipController.h; sourceTree = "<group>"; };
		491C23480FDABB8800EFCBA7 /* BSShipController.m */ = {isa = PBXFileReference; fileEncoding = 4; lastKnownFileType = sourcecode.c.objc; path = BSShipController.m; sourceTree = "<group>"; };
		492C5BB80FE7E606000D3DF4 /* BSPlayScreen.h */ = {isa = PBXFileReference; fileEncoding = 4; lastKnownFileType = sourcecode.c.h; path = BSPlayScreen.h; sourceTree = "<group>"; };
		492C5BB90FE7E606000D3DF4 /* BSPlayScreen.m */ = {isa = PBXFileReference; fileEncoding = 4; lastKnownFileType = sourcecode.c.objc; path = BSPlayScreen.m; sourceTree = "<group>"; };
		49476F200FE6B65A0077713D /* QuartzCore.framework */ = {isa = PBXFileReference; lastKnownFileType = wrapper.framework; name = QuartzCore.framework; path = System/Library/Frameworks/QuartzCore.framework; sourceTree = SDKROOT; };
		49476F5A0FE6C05D0077713D /* playfieldBgPlain.png */ = {isa = PBXFileReference; lastKnownFileType = image.png; path = playfieldBgPlain.png; sourceTree = "<group>"; };
		49476F850FE6D05C0077713D /* playfieldBgSmallPlain.png */ = {isa = PBXFileReference; lastKnownFileType = image.png; path = playfieldBgSmallPlain.png; sourceTree = "<group>"; };
		496B0E930FEA3E1800D2EA39 /* BSPlayerController.h */ = {isa = PBXFileReference; fileEncoding = 4; lastKnownFileType = sourcecode.c.h; path = BSPlayerController.h; sourceTree = "<group>"; };
		496B0E940FEA3E1800D2EA39 /* BSPlayerController.m */ = {isa = PBXFileReference; fileEncoding = 4; lastKnownFileType = sourcecode.c.objc; path = BSPlayerController.m; sourceTree = "<group>"; };
		496B0EBF0FEA44F500D2EA39 /* BSGameController.h */ = {isa = PBXFileReference; fileEncoding = 4; lastKnownFileType = sourcecode.c.h; path = BSGameController.h; sourceTree = "<group>"; };
		496B0EC00FEA44F500D2EA39 /* BSGameController.m */ = {isa = PBXFileReference; fileEncoding = 4; lastKnownFileType = sourcecode.c.objc; path = BSGameController.m; sourceTree = "<group>"; };
		496B0F050FEA679300D2EA39 /* BSSetupCPUSkillViewController.h */ = {isa = PBXFileReference; fileEncoding = 4; lastKnownFileType = sourcecode.c.h; path = BSSetupCPUSkillViewController.h; sourceTree = "<group>"; };
		496B0F060FEA679300D2EA39 /* BSSetupCPUSkillViewController.m */ = {isa = PBXFileReference; fileEncoding = 4; lastKnownFileType = sourcecode.c.objc; path = BSSetupCPUSkillViewController.m; sourceTree = "<group>"; };
		496B0F080FEA67C900D2EA39 /* BSSettings.h */ = {isa = PBXFileReference; fileEncoding = 4; lastKnownFileType = sourcecode.c.h; path = BSSettings.h; sourceTree = "<group>"; };
		496B0F090FEA67C900D2EA39 /* BSSettings.m */ = {isa = PBXFileReference; fileEncoding = 4; lastKnownFileType = sourcecode.c.objc; path = BSSettings.m; sourceTree = "<group>"; };
		496B0F240FEA68CC00D2EA39 /* NSData-SQLitePersistence.h */ = {isa = PBXFileReference; fileEncoding = 4; lastKnownFileType = sourcecode.c.h; path = "NSData-SQLitePersistence.h"; sourceTree = "<group>"; };
		496B0F250FEA68CC00D2EA39 /* NSData-SQLitePersistence.m */ = {isa = PBXFileReference; fileEncoding = 4; lastKnownFileType = sourcecode.c.objc; path = "NSData-SQLitePersistence.m"; sourceTree = "<group>"; };
		496B0F260FEA68CC00D2EA39 /* NSDate-SQLitePersistence.h */ = {isa = PBXFileReference; fileEncoding = 4; lastKnownFileType = sourcecode.c.h; path = "NSDate-SQLitePersistence.h"; sourceTree = "<group>"; };
		496B0F270FEA68CC00D2EA39 /* NSDate-SQLitePersistence.m */ = {isa = PBXFileReference; fileEncoding = 4; lastKnownFileType = sourcecode.c.objc; path = "NSDate-SQLitePersistence.m"; sourceTree = "<group>"; };
		496B0F280FEA68CC00D2EA39 /* NSMutableArray-MultipleSort.h */ = {isa = PBXFileReference; fileEncoding = 4; lastKnownFileType = sourcecode.c.h; path = "NSMutableArray-MultipleSort.h"; sourceTree = "<group>"; };
		496B0F290FEA68CC00D2EA39 /* NSMutableArray-MultipleSort.m */ = {isa = PBXFileReference; fileEncoding = 4; lastKnownFileType = sourcecode.c.objc; path = "NSMutableArray-MultipleSort.m"; sourceTree = "<group>"; };
		496B0F2A0FEA68CC00D2EA39 /* NSMutableData-SQLitePersistence.h */ = {isa = PBXFileReference; fileEncoding = 4; lastKnownFileType = sourcecode.c.h; path = "NSMutableData-SQLitePersistence.h"; sourceTree = "<group>"; };
		496B0F2B0FEA68CC00D2EA39 /* NSMutableData-SQLitePersistence.m */ = {isa = PBXFileReference; fileEncoding = 4; lastKnownFileType = sourcecode.c.objc; path = "NSMutableData-SQLitePersistence.m"; sourceTree = "<group>"; };
		496B0F2C0FEA68CC00D2EA39 /* NSNumber-SQLitePersistence.h */ = {isa = PBXFileReference; fileEncoding = 4; lastKnownFileType = sourcecode.c.h; path = "NSNumber-SQLitePersistence.h"; sourceTree = "<group>"; };
		496B0F2D0FEA68CC00D2EA39 /* NSNumber-SQLitePersistence.m */ = {isa = PBXFileReference; fileEncoding = 4; lastKnownFileType = sourcecode.c.objc; path = "NSNumber-SQLitePersistence.m"; sourceTree = "<group>"; };
		496B0F2E0FEA68CC00D2EA39 /* NSObject-ClassName.h */ = {isa = PBXFileReference; fileEncoding = 4; lastKnownFileType = sourcecode.c.h; path = "NSObject-ClassName.h"; sourceTree = "<group>"; };
		496B0F2F0FEA68CC00D2EA39 /* NSObject-ClassName.m */ = {isa = PBXFileReference; fileEncoding = 4; lastKnownFileType = sourcecode.c.objc; path = "NSObject-ClassName.m"; sourceTree = "<group>"; };
		496B0F300FEA68CC00D2EA39 /* NSObject-MissingKV.h */ = {isa = PBXFileReference; fileEncoding = 4; lastKnownFileType = sourcecode.c.h; path = "NSObject-MissingKV.h"; sourceTree = "<group>"; };
		496B0F310FEA68CC00D2EA39 /* NSObject-MissingKV.m */ = {isa = PBXFileReference; fileEncoding = 4; lastKnownFileType = sourcecode.c.objc; path = "NSObject-MissingKV.m"; sourceTree = "<group>"; };
		496B0F320FEA68CC00D2EA39 /* NSObject-SQLitePersistence.h */ = {isa = PBXFileReference; fileEncoding = 4; lastKnownFileType = sourcecode.c.h; path = "NSObject-SQLitePersistence.h"; sourceTree = "<group>"; };
		496B0F330FEA68CC00D2EA39 /* NSObject-SQLitePersistence.m */ = {isa = PBXFileReference; fileEncoding = 4; lastKnownFileType = sourcecode.c.objc; path = "NSObject-SQLitePersistence.m"; sourceTree = "<group>"; };
		496B0F340FEA68CC00D2EA39 /* NSString-NumberStuff.h */ = {isa = PBXFileReference; fileEncoding = 4; lastKnownFileType = sourcecode.c.h; path = "NSString-NumberStuff.h"; sourceTree = "<group>"; };
		496B0F350FEA68CC00D2EA39 /* NSString-NumberStuff.m */ = {isa = PBXFileReference; fileEncoding = 4; lastKnownFileType = sourcecode.c.objc; path = "NSString-NumberStuff.m"; sourceTree = "<group>"; };
		496B0F360FEA68CC00D2EA39 /* NSString-SQLiteColumnName.h */ = {isa = PBXFileReference; fileEncoding = 4; lastKnownFileType = sourcecode.c.h; path = "NSString-SQLiteColumnName.h"; sourceTree = "<group>"; };
		496B0F370FEA68CC00D2EA39 /* NSString-SQLiteColumnName.m */ = {isa = PBXFileReference; fileEncoding = 4; lastKnownFileType = sourcecode.c.objc; path = "NSString-SQLiteColumnName.m"; sourceTree = "<group>"; };
		496B0F380FEA68CC00D2EA39 /* NSString-SQLitePersistence.h */ = {isa = PBXFileReference; fileEncoding = 4; lastKnownFileType = sourcecode.c.h; path = "NSString-SQLitePersistence.h"; sourceTree = "<group>"; };
		496B0F390FEA68CC00D2EA39 /* NSString-SQLitePersistence.m */ = {isa = PBXFileReference; fileEncoding = 4; lastKnownFileType = sourcecode.c.objc; path = "NSString-SQLitePersistence.m"; sourceTree = "<group>"; };
		496B0F3A0FEA68CC00D2EA39 /* NSString-UppercaseFirst.h */ = {isa = PBXFileReference; fileEncoding = 4; lastKnownFileType = sourcecode.c.h; path = "NSString-UppercaseFirst.h"; sourceTree = "<group>"; };
		496B0F3B0FEA68CC00D2EA39 /* NSString-UppercaseFirst.m */ = {isa = PBXFileReference; fileEncoding = 4; lastKnownFileType = sourcecode.c.objc; path = "NSString-UppercaseFirst.m"; sourceTree = "<group>"; };
		496B0F3C0FEA68CC00D2EA39 /* SQLiteInstanceManager.h */ = {isa = PBXFileReference; fileEncoding = 4; lastKnownFileType = sourcecode.c.h; path = SQLiteInstanceManager.h; sourceTree = "<group>"; };
		496B0F3D0FEA68CC00D2EA39 /* SQLiteInstanceManager.m */ = {isa = PBXFileReference; fileEncoding = 4; lastKnownFileType = sourcecode.c.objc; path = SQLiteInstanceManager.m; sourceTree = "<group>"; };
		496B0F3E0FEA68CC00D2EA39 /* SQLitePersistentObject.h */ = {isa = PBXFileReference; fileEncoding = 4; lastKnownFileType = sourcecode.c.h; path = SQLitePersistentObject.h; sourceTree = "<group>"; };
		496B0F3F0FEA68CC00D2EA39 /* SQLitePersistentObject.m */ = {isa = PBXFileReference; fileEncoding = 4; lastKnownFileType = sourcecode.c.objc; path = SQLitePersistentObject.m; sourceTree = "<group>"; };
		496B0F400FEA68CC00D2EA39 /* UIColor-SQLitePersistentObject.h */ = {isa = PBXFileReference; fileEncoding = 4; lastKnownFileType = sourcecode.c.h; path = "UIColor-SQLitePersistentObject.h"; sourceTree = "<group>"; };
		496B0F410FEA68CC00D2EA39 /* UIColor-SQLitePersistentObject.m */ = {isa = PBXFileReference; fileEncoding = 4; lastKnownFileType = sourcecode.c.objc; path = "UIColor-SQLitePersistentObject.m"; sourceTree = "<group>"; };
		496B0F420FEA68CC00D2EA39 /* UIImage-SQLitePersistence.h */ = {isa = PBXFileReference; fileEncoding = 4; lastKnownFileType = sourcecode.c.h; path = "UIImage-SQLitePersistence.h"; sourceTree = "<group>"; };
		496B0F430FEA68CC00D2EA39 /* UIImage-SQLitePersistence.m */ = {isa = PBXFileReference; fileEncoding = 4; lastKnownFileType = sourcecode.c.objc; path = "UIImage-SQLitePersistence.m"; sourceTree = "<group>"; };
		496B10AF0FEA69C400D2EA39 /* libsqlite3.dylib */ = {isa = PBXFileReference; lastKnownFileType = "compiled.mach-o.dylib"; name = libsqlite3.dylib; path = usr/lib/libsqlite3.dylib; sourceTree = SDKROOT; };
		496B132E0FEBC35500D2EA39 /* BSPlayCPUViewController.h */ = {isa = PBXFileReference; fileEncoding = 4; lastKnownFileType = sourcecode.c.h; path = BSPlayCPUViewController.h; sourceTree = "<group>"; };
		496B132F0FEBC35500D2EA39 /* BSPlayCPUViewController.m */ = {isa = PBXFileReference; fileEncoding = 4; lastKnownFileType = sourcecode.c.objc; path = BSPlayCPUViewController.m; sourceTree = "<group>"; };
		49A1E15A0F82C7C6003021C0 /* tile_bg_paper.png */ = {isa = PBXFileReference; lastKnownFileType = image.png; name = tile_bg_paper.png; path = Classes/tile_bg_paper.png; sourceTree = "<group>"; };
		49A1E15C0F82C7DC003021C0 /* BSStartViewController.h */ = {isa = PBXFileReference; fileEncoding = 4; lastKnownFileType = sourcecode.c.h; path = BSStartViewController.h; sourceTree = "<group>"; };
		49A1E15D0F82C7DC003021C0 /* BSStartViewController.m */ = {isa = PBXFileReference; fileEncoding = 4; lastKnownFileType = sourcecode.c.objc; path = BSStartViewController.m; sourceTree = "<group>"; };
		49A1E15E0F82C7DC003021C0 /* BSSetupCPUViewController.h */ = {isa = PBXFileReference; fileEncoding = 4; lastKnownFileType = sourcecode.c.h; path = BSSetupCPUViewController.h; sourceTree = "<group>"; };
		49A1E15F0F82C7DC003021C0 /* BSSetupCPUViewController.m */ = {isa = PBXFileReference; fileEncoding = 4; lastKnownFileType = sourcecode.c.objc; path = BSSetupCPUViewController.m; sourceTree = "<group>"; };
		49A1E1630F82C7E9003021C0 /* BSPlayFieldView.h */ = {isa = PBXFileReference; fileEncoding = 4; lastKnownFileType = sourcecode.c.h; path = BSPlayFieldView.h; sourceTree = "<group>"; };
		49A1E1640F82C7E9003021C0 /* BSPlayFieldView.m */ = {isa = PBXFileReference; fileEncoding = 4; lastKnownFileType = sourcecode.c.objc; path = BSPlayFieldView.m; sourceTree = "<group>"; };
		49A1E1650F82C7E9003021C0 /* BSShipView.h */ = {isa = PBXFileReference; fileEncoding = 4; lastKnownFileType = sourcecode.c.h; path = BSShipView.h; sourceTree = "<group>"; };
		49A1E1660F82C7E9003021C0 /* BSShipView.m */ = {isa = PBXFileReference; fileEncoding = 4; lastKnownFileType = sourcecode.c.objc; path = BSShipView.m; sourceTree = "<group>"; };
		49A1E1670F82C7E9003021C0 /* BSSetupScreen.h */ = {isa = PBXFileReference; fileEncoding = 4; lastKnownFileType = sourcecode.c.h; path = BSSetupScreen.h; sourceTree = "<group>"; };
		49A1E1680F82C7E9003021C0 /* BSSetupScreen.m */ = {isa = PBXFileReference; fileEncoding = 4; lastKnownFileType = sourcecode.c.objc; path = BSSetupScreen.m; sourceTree = "<group>"; };
		49A1E22B0F82E75B003021C0 /* Constants.h */ = {isa = PBXFileReference; fileEncoding = 4; lastKnownFileType = sourcecode.c.h; path = Constants.h; sourceTree = "<group>"; };
		49A1E28E0F82EEC6003021C0 /* BSPlayFieldController.h */ = {isa = PBXFileReference; fileEncoding = 4; lastKnownFileType = sourcecode.c.h; path = BSPlayFieldController.h; sourceTree = "<group>"; };
		49A1E28F0F82EEC6003021C0 /* BSPlayFieldController.m */ = {isa = PBXFileReference; fileEncoding = 4; lastKnownFileType = sourcecode.c.objc; path = BSPlayFieldController.m; sourceTree = "<group>"; };
		49A404530FE2F8F7004A7E10 /* BSCanvasView.h */ = {isa = PBXFileReference; fileEncoding = 4; lastKnownFileType = sourcecode.c.h; path = BSCanvasView.h; sourceTree = "<group>"; };
		49A404540FE2F8F7004A7E10 /* BSCanvasView.m */ = {isa = PBXFileReference; fileEncoding = 4; lastKnownFileType = sourcecode.c.objc; path = BSCanvasView.m; sourceTree = "<group>"; };
		49CE01C50FF00E5F0074FA21 /* BSPlayerControllerCPU.h */ = {isa = PBXFileReference; fileEncoding = 4; lastKnownFileType = sourcecode.c.h; path = BSPlayerControllerCPU.h; sourceTree = "<group>"; };
		49CE01C60FF00E5F0074FA21 /* BSPlayerControllerCPU.m */ = {isa = PBXFileReference; fileEncoding = 4; lastKnownFileType = sourcecode.c.objc; path = BSPlayerControllerCPU.m; sourceTree = "<group>"; };
		49CE01CA0FF012200074FA21 /* BSPlayerControllerHuman.h */ = {isa = PBXFileReference; fileEncoding = 4; lastKnownFileType = sourcecode.c.h; path = BSPlayerControllerHuman.h; sourceTree = "<group>"; };
		49CE01CB0FF012200074FA21 /* BSPlayerControllerHuman.m */ = {isa = PBXFileReference; fileEncoding = 4; lastKnownFileType = sourcecode.c.objc; path = BSPlayerControllerHuman.m; sourceTree = "<group>"; };
		49CE02AE0FF02E360074FA21 /* BSShootingFieldController.h */ = {isa = PBXFileReference; fileEncoding = 4; lastKnownFileType = sourcecode.c.h; path = BSShootingFieldController.h; sourceTree = "<group>"; };
		49CE02AF0FF02E360074FA21 /* BSShootingFieldController.m */ = {isa = PBXFileReference; fileEncoding = 4; lastKnownFileType = sourcecode.c.objc; path = BSShootingFieldController.m; sourceTree = "<group>"; };
		8D1107310486CEB800E47090 /* Info.plist */ = {isa = PBXFileReference; fileEncoding = 4; lastKnownFileType = text.plist.xml; path = Info.plist; sourceTree = "<group>"; };
/* End PBXFileReference section */

/* Begin PBXFrameworksBuildPhase section */
		1D60588F0D05DD3D006BFB54 /* Frameworks */ = {
			isa = PBXFrameworksBuildPhase;
			buildActionMask = 2147483647;
			files = (
				1D60589F0D05DD5A006BFB54 /* Foundation.framework in Frameworks */,
				1DF5F4E00D08C38300B7A737 /* UIKit.framework in Frameworks */,
				288765FD0DF74451002DB57D /* CoreGraphics.framework in Frameworks */,
				49476F210FE6B65A0077713D /* QuartzCore.framework in Frameworks */,
				496B10B00FEA69C400D2EA39 /* libsqlite3.dylib in Frameworks */,
			);
			runOnlyForDeploymentPostprocessing = 0;
		};
/* End PBXFrameworksBuildPhase section */

/* Begin PBXGroup section */
		080E96DDFE201D6D7F000001 /* Classes */ = {
			isa = PBXGroup;
			children = (
				1D3623240D0F684500981E51 /* BaddleshipsAppDelegate.h */,
				1D3623250D0F684500981E51 /* BaddleshipsAppDelegate.m */,
				496B0F030FEA656200D2EA39 /* Other Interface */,
				496B0EC20FEA44FA00D2EA39 /* Game */,
				496B0EAD0FEA438200D2EA39 /* Player */,
				49476FD10FE6DD4D0077713D /* Play Field */,
				49476FD20FE6DD5F0077713D /* Ship */,
				49A1E22B0F82E75B003021C0 /* Constants.h */,
				496B0F080FEA67C900D2EA39 /* BSSettings.h */,
				496B0F090FEA67C900D2EA39 /* BSSettings.m */,
			);
			path = Classes;
			sourceTree = "<group>";
		};
		19C28FACFE9D520D11CA2CBB /* Products */ = {
			isa = PBXGroup;
			children = (
				1D6058910D05DD3D006BFB54 /* Baddleships.app */,
			);
			name = Products;
			sourceTree = "<group>";
		};
		29B97314FDCFA39411CA2CEA /* CustomTemplate */ = {
			isa = PBXGroup;
			children = (
				496B0F130FEA68CC00D2EA39 /* SQLitePersistentObjects */,
				49476F850FE6D05C0077713D /* playfieldBgSmallPlain.png */,
				49476F5A0FE6C05D0077713D /* playfieldBgPlain.png */,
				49A1E15A0F82C7C6003021C0 /* tile_bg_paper.png */,
				080E96DDFE201D6D7F000001 /* Classes */,
				29B97315FDCFA39411CA2CEA /* Other Sources */,
				29B97317FDCFA39411CA2CEA /* Resources */,
				29B97323FDCFA39411CA2CEA /* Frameworks */,
				19C28FACFE9D520D11CA2CBB /* Products */,
			);
			name = CustomTemplate;
			sourceTree = "<group>";
		};
		29B97315FDCFA39411CA2CEA /* Other Sources */ = {
			isa = PBXGroup;
			children = (
				32CA4F630368D1EE00C91783 /* Baddleships_Prefix.pch */,
				29B97316FDCFA39411CA2CEA /* main.m */,
			);
			name = "Other Sources";
			sourceTree = "<group>";
		};
		29B97317FDCFA39411CA2CEA /* Resources */ = {
			isa = PBXGroup;
			children = (
				28AD733E0D9D9553002E5188 /* MainWindow.xib */,
				8D1107310486CEB800E47090 /* Info.plist */,
			);
			name = Resources;
			sourceTree = "<group>";
		};
		29B97323FDCFA39411CA2CEA /* Frameworks */ = {
			isa = PBXGroup;
			children = (
				496B10AF0FEA69C400D2EA39 /* libsqlite3.dylib */,
				49476F200FE6B65A0077713D /* QuartzCore.framework */,
				1DF5F4DF0D08C38300B7A737 /* UIKit.framework */,
				1D30AB110D05D00D00671497 /* Foundation.framework */,
				288765FC0DF74451002DB57D /* CoreGraphics.framework */,
			);
			name = Frameworks;
			sourceTree = "<group>";
		};
		49476FD10FE6DD4D0077713D /* Play Field */ = {
			isa = PBXGroup;
			children = (
				49A1E1630F82C7E9003021C0 /* BSPlayFieldView.h */,
				49A1E1640F82C7E9003021C0 /* BSPlayFieldView.m */,
				49A1E28E0F82EEC6003021C0 /* BSPlayFieldController.h */,
				49A1E28F0F82EEC6003021C0 /* BSPlayFieldController.m */,
				49CE02AE0FF02E360074FA21 /* BSShootingFieldController.h */,
				49CE02AF0FF02E360074FA21 /* BSShootingFieldController.m */,
			);
			name = "Play Field";
			sourceTree = "<group>";
		};
		49476FD20FE6DD5F0077713D /* Ship */ = {
			isa = PBXGroup;
			children = (
				49A1E1650F82C7E9003021C0 /* BSShipView.h */,
				49A1E1660F82C7E9003021C0 /* BSShipView.m */,
				491C23470FDABB8800EFCBA7 /* BSShipController.h */,
				491C23480FDABB8800EFCBA7 /* BSShipController.m */,
			);
			name = Ship;
			sourceTree = "<group>";
		};
		496B0EAD0FEA438200D2EA39 /* Player */ = {
			isa = PBXGroup;
			children = (
				496B0E930FEA3E1800D2EA39 /* BSPlayerController.h */,
				496B0E940FEA3E1800D2EA39 /* BSPlayerController.m */,
				49CE01C50FF00E5F0074FA21 /* BSPlayerControllerCPU.h */,
				49CE01C60FF00E5F0074FA21 /* BSPlayerControllerCPU.m */,
				49CE01CA0FF012200074FA21 /* BSPlayerControllerHuman.h */,
				49CE01CB0FF012200074FA21 /* BSPlayerControllerHuman.m */,
			);
			name = Player;
			sourceTree = "<group>";
		};
		496B0EC20FEA44FA00D2EA39 /* Game */ = {
			isa = PBXGroup;
			children = (
				496B0EBF0FEA44F500D2EA39 /* BSGameController.h */,
				496B0EC00FEA44F500D2EA39 /* BSGameController.m */,
			);
			name = Game;
			sourceTree = "<group>";
		};
		496B0F030FEA656200D2EA39 /* Other Interface */ = {
			isa = PBXGroup;
			children = (
				49A1E1670F82C7E9003021C0 /* BSSetupScreen.h */,
				49A1E1680F82C7E9003021C0 /* BSSetupScreen.m */,
				49A404530FE2F8F7004A7E10 /* BSCanvasView.h */,
				49A404540FE2F8F7004A7E10 /* BSCanvasView.m */,
				492C5BB80FE7E606000D3DF4 /* BSPlayScreen.h */,
				492C5BB90FE7E606000D3DF4 /* BSPlayScreen.m */,
				49A1E15C0F82C7DC003021C0 /* BSStartViewController.h */,
				49A1E15D0F82C7DC003021C0 /* BSStartViewController.m */,
				496B0F040FEA677300D2EA39 /* CPU */,
			);
			name = "Other Interface";
			sourceTree = "<group>";
		};
		496B0F040FEA677300D2EA39 /* CPU */ = {
			isa = PBXGroup;
			children = (
				49A1E15E0F82C7DC003021C0 /* BSSetupCPUViewController.h */,
				49A1E15F0F82C7DC003021C0 /* BSSetupCPUViewController.m */,
				496B0F050FEA679300D2EA39 /* BSSetupCPUSkillViewController.h */,
				496B0F060FEA679300D2EA39 /* BSSetupCPUSkillViewController.m */,
				496B132E0FEBC35500D2EA39 /* BSPlayCPUViewController.h */,
				496B132F0FEBC35500D2EA39 /* BSPlayCPUViewController.m */,
			);
			name = CPU;
			sourceTree = "<group>";
		};
		496B0F130FEA68CC00D2EA39 /* SQLitePersistentObjects */ = {
			isa = PBXGroup;
			children = (
				496B0F230FEA68CC00D2EA39 /* src */,
			);
			name = SQLitePersistentObjects;
			path = vendor/SQLitePersistentObjects;
			sourceTree = "<group>";
		};
		496B0F230FEA68CC00D2EA39 /* src */ = {
			isa = PBXGroup;
			children = (
				496B0F240FEA68CC00D2EA39 /* NSData-SQLitePersistence.h */,
				496B0F250FEA68CC00D2EA39 /* NSData-SQLitePersistence.m */,
				496B0F260FEA68CC00D2EA39 /* NSDate-SQLitePersistence.h */,
				496B0F270FEA68CC00D2EA39 /* NSDate-SQLitePersistence.m */,
				496B0F280FEA68CC00D2EA39 /* NSMutableArray-MultipleSort.h */,
				496B0F290FEA68CC00D2EA39 /* NSMutableArray-MultipleSort.m */,
				496B0F2A0FEA68CC00D2EA39 /* NSMutableData-SQLitePersistence.h */,
				496B0F2B0FEA68CC00D2EA39 /* NSMutableData-SQLitePersistence.m */,
				496B0F2C0FEA68CC00D2EA39 /* NSNumber-SQLitePersistence.h */,
				496B0F2D0FEA68CC00D2EA39 /* NSNumber-SQLitePersistence.m */,
				496B0F2E0FEA68CC00D2EA39 /* NSObject-ClassName.h */,
				496B0F2F0FEA68CC00D2EA39 /* NSObject-ClassName.m */,
				496B0F300FEA68CC00D2EA39 /* NSObject-MissingKV.h */,
				496B0F310FEA68CC00D2EA39 /* NSObject-MissingKV.m */,
				496B0F320FEA68CC00D2EA39 /* NSObject-SQLitePersistence.h */,
				496B0F330FEA68CC00D2EA39 /* NSObject-SQLitePersistence.m */,
				496B0F340FEA68CC00D2EA39 /* NSString-NumberStuff.h */,
				496B0F350FEA68CC00D2EA39 /* NSString-NumberStuff.m */,
				496B0F360FEA68CC00D2EA39 /* NSString-SQLiteColumnName.h */,
				496B0F370FEA68CC00D2EA39 /* NSString-SQLiteColumnName.m */,
				496B0F380FEA68CC00D2EA39 /* NSString-SQLitePersistence.h */,
				496B0F390FEA68CC00D2EA39 /* NSString-SQLitePersistence.m */,
				496B0F3A0FEA68CC00D2EA39 /* NSString-UppercaseFirst.h */,
				496B0F3B0FEA68CC00D2EA39 /* NSString-UppercaseFirst.m */,
				496B0F3C0FEA68CC00D2EA39 /* SQLiteInstanceManager.h */,
				496B0F3D0FEA68CC00D2EA39 /* SQLiteInstanceManager.m */,
				496B0F3E0FEA68CC00D2EA39 /* SQLitePersistentObject.h */,
				496B0F3F0FEA68CC00D2EA39 /* SQLitePersistentObject.m */,
				496B0F400FEA68CC00D2EA39 /* UIColor-SQLitePersistentObject.h */,
				496B0F410FEA68CC00D2EA39 /* UIColor-SQLitePersistentObject.m */,
				496B0F420FEA68CC00D2EA39 /* UIImage-SQLitePersistence.h */,
				496B0F430FEA68CC00D2EA39 /* UIImage-SQLitePersistence.m */,
			);
			path = src;
			sourceTree = "<group>";
		};
/* End PBXGroup section */

/* Begin PBXNativeTarget section */
		1D6058900D05DD3D006BFB54 /* Baddleships */ = {
			isa = PBXNativeTarget;
			buildConfigurationList = 1D6058960D05DD3E006BFB54 /* Build configuration list for PBXNativeTarget "Baddleships" */;
			buildPhases = (
				1D60588D0D05DD3D006BFB54 /* Resources */,
				1D60588E0D05DD3D006BFB54 /* Sources */,
				1D60588F0D05DD3D006BFB54 /* Frameworks */,
			);
			buildRules = (
			);
			dependencies = (
			);
			name = Baddleships;
			productName = Baddleships;
			productReference = 1D6058910D05DD3D006BFB54 /* Baddleships.app */;
			productType = "com.apple.product-type.application";
		};
/* End PBXNativeTarget section */

/* Begin PBXProject section */
		29B97313FDCFA39411CA2CEA /* Project object */ = {
			isa = PBXProject;
			buildConfigurationList = C01FCF4E08A954540054247B /* Build configuration list for PBXProject "Baddleships" */;
			compatibilityVersion = "Xcode 3.1";
			hasScannedForEncodings = 1;
			mainGroup = 29B97314FDCFA39411CA2CEA /* CustomTemplate */;
			projectDirPath = "";
			projectRoot = "";
			targets = (
				1D6058900D05DD3D006BFB54 /* Baddleships */,
			);
		};
/* End PBXProject section */

/* Begin PBXResourcesBuildPhase section */
		1D60588D0D05DD3D006BFB54 /* Resources */ = {
			isa = PBXResourcesBuildPhase;
			buildActionMask = 2147483647;
			files = (
				28AD733F0D9D9553002E5188 /* MainWindow.xib in Resources */,
				49A1E15B0F82C7C6003021C0 /* tile_bg_paper.png in Resources */,
				49476F5B0FE6C05D0077713D /* playfieldBgPlain.png in Resources */,
				49476F860FE6D05C0077713D /* playfieldBgSmallPlain.png in Resources */,
			);
			runOnlyForDeploymentPostprocessing = 0;
		};
/* End PBXResourcesBuildPhase section */

/* Begin PBXSourcesBuildPhase section */
		1D60588E0D05DD3D006BFB54 /* Sources */ = {
			isa = PBXSourcesBuildPhase;
			buildActionMask = 2147483647;
			files = (
				1D60589B0D05DD56006BFB54 /* main.m in Sources */,
				1D3623260D0F684500981E51 /* BaddleshipsAppDelegate.m in Sources */,
				49A1E1600F82C7DC003021C0 /* BSStartViewController.m in Sources */,
				49A1E1610F82C7DC003021C0 /* BSSetupCPUViewController.m in Sources */,
				49A1E1690F82C7E9003021C0 /* BSPlayFieldView.m in Sources */,
				49A1E16A0F82C7E9003021C0 /* BSShipView.m in Sources */,
				49A1E16B0F82C7E9003021C0 /* BSSetupScreen.m in Sources */,
				49A1E2900F82EEC6003021C0 /* BSPlayFieldController.m in Sources */,
				491C23490FDABB8800EFCBA7 /* BSShipController.m in Sources */,
				49A404550FE2F8F7004A7E10 /* BSCanvasView.m in Sources */,
				492C5BBA0FE7E606000D3DF4 /* BSPlayScreen.m in Sources */,
				496B0E950FEA3E1800D2EA39 /* BSPlayerController.m in Sources */,
				496B0EC10FEA44F500D2EA39 /* BSGameController.m in Sources */,
				496B0F070FEA679300D2EA39 /* BSSetupCPUSkillViewController.m in Sources */,
				496B0F0A0FEA67C900D2EA39 /* BSSettings.m in Sources */,
				496B10080FEA68CD00D2EA39 /* NSData-SQLitePersistence.m in Sources */,
				496B10090FEA68CD00D2EA39 /* NSDate-SQLitePersistence.m in Sources */,
				496B100A0FEA68CD00D2EA39 /* NSMutableArray-MultipleSort.m in Sources */,
				496B100B0FEA68CD00D2EA39 /* NSMutableData-SQLitePersistence.m in Sources */,
				496B100C0FEA68CD00D2EA39 /* NSNumber-SQLitePersistence.m in Sources */,
				496B100D0FEA68CD00D2EA39 /* NSObject-ClassName.m in Sources */,
				496B100E0FEA68CD00D2EA39 /* NSObject-MissingKV.m in Sources */,
				496B100F0FEA68CD00D2EA39 /* NSObject-SQLitePersistence.m in Sources */,
				496B10100FEA68CD00D2EA39 /* NSString-NumberStuff.m in Sources */,
				496B10110FEA68CD00D2EA39 /* NSString-SQLiteColumnName.m in Sources */,
				496B10120FEA68CD00D2EA39 /* NSString-SQLitePersistence.m in Sources */,
				496B10130FEA68CD00D2EA39 /* NSString-UppercaseFirst.m in Sources */,
				496B10140FEA68CD00D2EA39 /* SQLiteInstanceManager.m in Sources */,
				496B10150FEA68CD00D2EA39 /* SQLitePersistentObject.m in Sources */,
				496B10160FEA68CD00D2EA39 /* UIColor-SQLitePersistentObject.m in Sources */,
				496B10170FEA68CD00D2EA39 /* UIImage-SQLitePersistence.m in Sources */,
				496B13300FEBC35500D2EA39 /* BSPlayCPUViewController.m in Sources */,
				49CE01C70FF00E5F0074FA21 /* BSPlayerControllerCPU.m in Sources */,
				49CE01CC0FF012200074FA21 /* BSPlayerControllerHuman.m in Sources */,
				49CE02B00FF02E360074FA21 /* BSShootingFieldController.m in Sources */,
			);
			runOnlyForDeploymentPostprocessing = 0;
		};
/* End PBXSourcesBuildPhase section */

/* Begin XCBuildConfiguration section */
		1D6058940D05DD3E006BFB54 /* Debug */ = {
			isa = XCBuildConfiguration;
			buildSettings = {
				ALWAYS_SEARCH_USER_PATHS = NO;
				COPY_PHASE_STRIP = NO;
				GCC_DYNAMIC_NO_PIC = NO;
				GCC_OPTIMIZATION_LEVEL = 0;
				GCC_PRECOMPILE_PREFIX_HEADER = YES;
				GCC_PREFIX_HEADER = Baddleships_Prefix.pch;
				INFOPLIST_FILE = Info.plist;
				LIBRARY_SEARCH_PATHS = (
					"$(inherited)",
					"\"$(SRCROOT)/vendor/SQLitePersistentObjects/Tests/google-toolbox-for-mac-1-5-1/TigerGcov\"",
				);
				PRODUCT_NAME = Baddleships;
			};
			name = Debug;
		};
		1D6058950D05DD3E006BFB54 /* Release */ = {
			isa = XCBuildConfiguration;
			buildSettings = {
				ALWAYS_SEARCH_USER_PATHS = NO;
				COPY_PHASE_STRIP = YES;
				GCC_PRECOMPILE_PREFIX_HEADER = YES;
				GCC_PREFIX_HEADER = Baddleships_Prefix.pch;
				INFOPLIST_FILE = Info.plist;
				LIBRARY_SEARCH_PATHS = (
					"$(inherited)",
					"\"$(SRCROOT)/vendor/SQLitePersistentObjects/Tests/google-toolbox-for-mac-1-5-1/TigerGcov\"",
				);
				PRODUCT_NAME = Baddleships;
			};
			name = Release;
		};
		C01FCF4F08A954540054247B /* Debug */ = {
			isa = XCBuildConfiguration;
			buildSettings = {
				ARCHS = "$(ARCHS_STANDARD_32_BIT)";
				"CODE_SIGN_IDENTITY[sdk=iphoneos*]" = "iPhone Developer";
				GCC_C_LANGUAGE_STANDARD = c99;
				GCC_WARN_ABOUT_RETURN_TYPE = YES;
				GCC_WARN_UNUSED_VARIABLE = YES;
				ONLY_ACTIVE_ARCH = YES;
				PREBINDING = NO;
				SDKROOT = iphoneos2.2.1;
			};
			name = Debug;
		};
		C01FCF5008A954540054247B /* Release */ = {
			isa = XCBuildConfiguration;
			buildSettings = {
				ARCHS = "$(ARCHS_STANDARD_32_BIT)";
				"CODE_SIGN_IDENTITY[sdk=iphoneos*]" = "iPhone Developer";
				GCC_C_LANGUAGE_STANDARD = c99;
				GCC_WARN_ABOUT_RETURN_TYPE = YES;
				GCC_WARN_UNUSED_VARIABLE = YES;
				PREBINDING = NO;
				SDKROOT = iphoneos2.2.1;
			};
			name = Release;
		};
/* End XCBuildConfiguration section */

/* Begin XCConfigurationList section */
		1D6058960D05DD3E006BFB54 /* Build configuration list for PBXNativeTarget "Baddleships" */ = {
			isa = XCConfigurationList;
			buildConfigurations = (
				1D6058940D05DD3E006BFB54 /* Debug */,
				1D6058950D05DD3E006BFB54 /* Release */,
			);
			defaultConfigurationIsVisible = 0;
			defaultConfigurationName = Release;
		};
		C01FCF4E08A954540054247B /* Build configuration list for PBXProject "Baddleships" */ = {
			isa = XCConfigurationList;
			buildConfigurations = (
				C01FCF4F08A954540054247B /* Debug */,
				C01FCF5008A954540054247B /* Release */,
			);
			defaultConfigurationIsVisible = 0;
			defaultConfigurationName = Release;
		};
/* End XCConfigurationList section */
	};
	rootObject = 29B97313FDCFA39411CA2CEA /* Project object */;
}
